<?xml version="1.0" encoding="UTF-8"?>
<!DOCTYPE plist PUBLIC "-//Apple//DTD PLIST 1.0//EN" "http://www.apple.com/DTDs/PropertyList-1.0.dtd">
<plist version="1.0">
<dict>
	<key>archiveVersion</key>
	<string>1</string>
	<key>classes</key>
	<dict/>
	<key>objectVersion</key>
	<string>46</string>
	<key>objects</key>
	<dict>
		<key>0678E2D307EB48A4A6D32B66</key>
		<dict>
			<key>includeInIndex</key>
			<string>1</string>
			<key>isa</key>
			<string>PBXFileReference</string>
			<key>lastKnownFileType</key>
			<string>archive.ar</string>
			<key>name</key>
			<string>libCIMLua.a</string>
			<key>path</key>
			<string>/Users/jean-luc/Library/Application Support/com.celedev.CodeFlow/iphoneos/libCIMLua.a</string>
			<key>sourceTree</key>
			<string>&lt;absolute&gt;</string>
		</dict>
		<key>12B85AA3F11A4971A23CADAF</key>
		<dict>
			<key>fileRef</key>
			<string>EA6045FBDD3742869E72C4BC</string>
			<key>isa</key>
			<string>PBXBuildFile</string>
		</dict>
		<key>12FE235944864864B750546A</key>
		<dict>
			<key>fileRef</key>
			<string>7BED380201A9474B9EF84114</string>
			<key>isa</key>
			<string>PBXBuildFile</string>
		</dict>
		<key>1DBEFAC6B08941588761CD5F</key>
		<dict>
			<key>fileRef</key>
			<string>99539E4DABCD4DFF8BE2E643</string>
			<key>isa</key>
			<string>PBXBuildFile</string>
		</dict>
		<key>245354A671674E7A88720348</key>
		<dict>
			<key>fileRef</key>
			<string>B632B0C34112451788035307</string>
			<key>isa</key>
			<string>PBXBuildFile</string>
		</dict>
		<key>3086320B14274E17A3E0A24C</key>
		<dict>
			<key>children</key>
			<array>
				<string>7A989E7F21754098A981A8A9</string>
				<string>B632B0C34112451788035307</string>
				<string>0678E2D307EB48A4A6D32B66</string>
				<string>51FD0339BE4941A88405A1B7</string>
				<string>99539E4DABCD4DFF8BE2E643</string>
				<string>7BED380201A9474B9EF84114</string>
				<string>EA6045FBDD3742869E72C4BC</string>
				<string>5680D1E7855D43A58C07C757</string>
				<string>50B4B98175DC45BA81C6A552</string>
			</array>
			<key>isa</key>
			<string>PBXGroup</string>
			<key>name</key>
			<string>Frameworks</string>
			<key>sourceTree</key>
			<string>&lt;group&gt;</string>
		</dict>
		<key>50B4B98175DC45BA81C6A552</key>
		<dict>
			<key>includeInIndex</key>
			<string>1</string>
			<key>isa</key>
			<string>PBXFileReference</string>
			<key>lastKnownFileType</key>
			<string>archive.ar</string>
			<key>name</key>
			<string>libCIMLuaBindingFoundation.a</string>
			<key>path</key>
			<string>/Users/jean-luc/Library/Application Support/com.celedev.CodeFlow/iphoneos/iOS-8.1-SDK.luabindings/BindingLibs/libCIMLuaBindingFoundation.a</string>
			<key>sourceTree</key>
			<string>&lt;absolute&gt;</string>
		</dict>
		<key>51FD0339BE4941A88405A1B7</key>
		<dict>
			<key>includeInIndex</key>
			<string>1</string>
			<key>isa</key>
			<string>PBXFileReference</string>
			<key>lastKnownFileType</key>
			<string>archive.ar</string>
			<key>name</key>
			<string>libCIMLuaDebugServerIOS.a</string>
			<key>path</key>
			<string>/Users/jean-luc/Library/Application Support/com.celedev.CodeFlow/iphoneos/libCIMLuaDebugServerIOS.a</string>
			<key>sourceTree</key>
			<string>&lt;absolute&gt;</string>
		</dict>
		<key>5680D1E7855D43A58C07C757</key>
		<dict>
			<key>includeInIndex</key>
			<string>1</string>
			<key>isa</key>
			<string>PBXFileReference</string>
			<key>lastKnownFileType</key>
			<string>archive.ar</string>
			<key>name</key>
			<string>libCIMLuaBindingUIKit.a</string>
			<key>path</key>
			<string>/Users/jean-luc/Library/Application Support/com.celedev.CodeFlow/iphoneos/iOS-8.1-SDK.luabindings/BindingLibs/libCIMLuaBindingUIKit.a</string>
			<key>sourceTree</key>
			<string>&lt;absolute&gt;</string>
		</dict>
		<key>7313719F12CC473898FC9C2A</key>
		<dict>
			<key>fileRef</key>
			<string>0678E2D307EB48A4A6D32B66</string>
			<key>isa</key>
			<string>PBXBuildFile</string>
		</dict>
		<key>7A989E7F21754098A981A8A9</key>
		<dict>
			<key>isa</key>
			<string>PBXFileReference</string>
			<key>lastKnownFileType</key>
			<string>wrapper.framework</string>
			<key>name</key>
			<string>Foundation.framework</string>
			<key>path</key>
			<string>System/Library/Frameworks/Foundation.framework</string>
			<key>sourceTree</key>
			<string>SDKROOT</string>
		</dict>
		<key>7BED380201A9474B9EF84114</key>
		<dict>
			<key>isa</key>
			<string>PBXFileReference</string>
			<key>lastKnownFileType</key>
			<string>wrapper.framework</string>
			<key>name</key>
			<string>QuartzCore.framework</string>
			<key>path</key>
			<string>System/Library/Frameworks/QuartzCore.framework</string>
			<key>sourceTree</key>
			<string>SDKROOT</string>
		</dict>
		<key>99539E4DABCD4DFF8BE2E643</key>
		<dict>
			<key>isa</key>
			<string>PBXFileReference</string>
			<key>lastKnownFileType</key>
			<string>wrapper.framework</string>
			<key>name</key>
			<string>MobileCoreServices.framework</string>
			<key>path</key>
			<string>System/Library/Frameworks/MobileCoreServices.framework</string>
			<key>sourceTree</key>
			<string>SDKROOT</string>
		</dict>
		<key>B4B20F3F359C461ABD6488F3</key>
		<dict>
			<key>fileRef</key>
			<string>50B4B98175DC45BA81C6A552</string>
			<key>isa</key>
			<string>PBXBuildFile</string>
		</dict>
		<key>B632B0C34112451788035307</key>
		<dict>
			<key>isa</key>
			<string>PBXFileReference</string>
			<key>lastKnownFileType</key>
			<string>wrapper.framework</string>
			<key>name</key>
			<string>UIKit.framework</string>
			<key>path</key>
			<string>System/Library/Frameworks/UIKit.framework</string>
			<key>sourceTree</key>
			<string>SDKROOT</string>
		</dict>
		<key>C000B2A9D8604F67A791E2A3</key>
		<dict>
			<key>fileRef</key>
			<string>51FD0339BE4941A88405A1B7</string>
			<key>isa</key>
			<string>PBXBuildFile</string>
		</dict>
		<key>D9D0F11DFD3F438687B3FB11</key>
		<dict>
			<key>fileRef</key>
			<string>7A989E7F21754098A981A8A9</string>
			<key>isa</key>
			<string>PBXBuildFile</string>
		</dict>
		<key>EA6045FBDD3742869E72C4BC</key>
		<dict>
			<key>includeInIndex</key>
			<string>1</string>
			<key>isa</key>
			<string>PBXFileReference</string>
			<key>lastKnownFileType</key>
			<string>archive.ar</string>
			<key>name</key>
			<string>libCIMLuaBindingQuartzCore.a</string>
			<key>path</key>
			<string>/Users/jean-luc/Library/Application Support/com.celedev.CodeFlow/iphoneos/iOS-8.1-SDK.luabindings/BindingLibs/libCIMLuaBindingQuartzCore.a</string>
			<key>sourceTree</key>
			<string>&lt;absolute&gt;</string>
		</dict>
		<key>FD2727E439AD4122A5638AE4</key>
		<dict>
			<key>fileRef</key>
			<string>5680D1E7855D43A58C07C757</string>
			<key>isa</key>
			<string>PBXBuildFile</string>
		</dict>
		<key>FD2B3D7519EC122100A7D83F</key>
		<dict>
			<key>children</key>
			<array>
				<string>FD2B3D8019EC122100A7D83F</string>
				<string>FD2B3D7F19EC122100A7D83F</string>
				<string>3086320B14274E17A3E0A24C</string>
			</array>
			<key>isa</key>
			<string>PBXGroup</string>
			<key>sourceTree</key>
			<string>&lt;group&gt;</string>
		</dict>
		<key>FD2B3D7619EC122100A7D83F</key>
		<dict>
			<key>attributes</key>
			<dict>
				<key>LastUpgradeCheck</key>
				<string>0610</string>
				<key>ORGANIZATIONNAME</key>
				<string>Celedev</string>
				<key>TargetAttributes</key>
				<dict>
					<key>FD2B3D7D19EC122100A7D83F</key>
					<dict>
						<key>CreatedOnToolsVersion</key>
						<string>6.1</string>
					</dict>
				</dict>
			</dict>
			<key>buildConfigurationList</key>
			<string>FD2B3D7919EC122100A7D83F</string>
			<key>compatibilityVersion</key>
			<string>Xcode 3.2</string>
			<key>developmentRegion</key>
			<string>English</string>
			<key>hasScannedForEncodings</key>
			<string>0</string>
			<key>isa</key>
			<string>PBXProject</string>
			<key>knownRegions</key>
			<array>
				<string>en</string>
				<string>Base</string>
			</array>
			<key>mainGroup</key>
			<string>FD2B3D7519EC122100A7D83F</string>
			<key>productRefGroup</key>
			<string>FD2B3D7F19EC122100A7D83F</string>
			<key>projectDirPath</key>
			<string></string>
			<key>projectReferences</key>
			<array/>
			<key>projectRoot</key>
			<string></string>
			<key>targets</key>
			<array>
				<string>FD2B3D7D19EC122100A7D83F</string>
			</array>
		</dict>
		<key>FD2B3D7919EC122100A7D83F</key>
		<dict>
			<key>buildConfigurations</key>
			<array>
				<string>FD2B3D9F19EC122100A7D83F</string>
				<string>FD2B3DA019EC122100A7D83F</string>
			</array>
			<key>defaultConfigurationIsVisible</key>
			<string>0</string>
			<key>defaultConfigurationName</key>
			<string>Release</string>
			<key>isa</key>
			<string>XCConfigurationList</string>
		</dict>
		<key>FD2B3D7A19EC122100A7D83F</key>
		<dict>
			<key>buildActionMask</key>
			<string>2147483647</string>
			<key>files</key>
			<array>
				<string>FD2B3D8719EC122100A7D83F</string>
				<string>FD2B3D8419EC122100A7D83F</string>
			</array>
			<key>isa</key>
			<string>PBXSourcesBuildPhase</string>
			<key>runOnlyForDeploymentPostprocessing</key>
			<string>0</string>
		</dict>
		<key>FD2B3D7B19EC122100A7D83F</key>
		<dict>
			<key>buildActionMask</key>
			<string>2147483647</string>
			<key>files</key>
			<array>
				<string>D9D0F11DFD3F438687B3FB11</string>
				<string>245354A671674E7A88720348</string>
				<string>7313719F12CC473898FC9C2A</string>
				<string>C000B2A9D8604F67A791E2A3</string>
				<string>1DBEFAC6B08941588761CD5F</string>
				<string>12FE235944864864B750546A</string>
				<string>12B85AA3F11A4971A23CADAF</string>
				<string>FD2727E439AD4122A5638AE4</string>
				<string>B4B20F3F359C461ABD6488F3</string>
			</array>
			<key>isa</key>
			<string>PBXFrameworksBuildPhase</string>
			<key>runOnlyForDeploymentPostprocessing</key>
			<string>0</string>
		</dict>
		<key>FD2B3D7C19EC122100A7D83F</key>
		<dict>
			<key>buildActionMask</key>
			<string>2147483647</string>
			<key>files</key>
			<array>
				<string>FD2B3D9219EC122100A7D83F</string>
				<string>FD2B3D8F19EC122100A7D83F</string>
			</array>
			<key>isa</key>
			<string>PBXResourcesBuildPhase</string>
			<key>runOnlyForDeploymentPostprocessing</key>
			<string>0</string>
		</dict>
		<key>FD2B3D7D19EC122100A7D83F</key>
		<dict>
			<key>buildConfigurationList</key>
			<string>FD2B3DA119EC122100A7D83F</string>
			<key>buildPhases</key>
			<array>
				<string>FD2B3D7A19EC122100A7D83F</string>
				<string>FD2B3D7B19EC122100A7D83F</string>
				<string>FD2B3D7C19EC122100A7D83F</string>
			</array>
			<key>buildRules</key>
			<array/>
			<key>dependencies</key>
			<array/>
			<key>isa</key>
			<string>PBXNativeTarget</string>
			<key>name</key>
			<string>CollectionViewTuto</string>
			<key>productName</key>
			<string>CollectionViewTuto</string>
			<key>productReference</key>
			<string>FD2B3D7E19EC122100A7D83F</string>
			<key>productType</key>
			<string>com.apple.product-type.application</string>
		</dict>
		<key>FD2B3D7E19EC122100A7D83F</key>
		<dict>
			<key>explicitFileType</key>
			<string>wrapper.application</string>
			<key>includeInIndex</key>
			<string>0</string>
			<key>isa</key>
			<string>PBXFileReference</string>
			<key>path</key>
			<string>CollectionViewTuto.app</string>
			<key>sourceTree</key>
			<string>BUILT_PRODUCTS_DIR</string>
		</dict>
		<key>FD2B3D7F19EC122100A7D83F</key>
		<dict>
			<key>children</key>
			<array>
				<string>FD2B3D7E19EC122100A7D83F</string>
			</array>
			<key>isa</key>
			<string>PBXGroup</string>
			<key>name</key>
			<string>Products</string>
			<key>sourceTree</key>
			<string>&lt;group&gt;</string>
		</dict>
		<key>FD2B3D8019EC122100A7D83F</key>
		<dict>
			<key>children</key>
			<array>
				<string>FD2B3D8519EC122100A7D83F</string>
				<string>FD2B3D8619EC122100A7D83F</string>
				<string>FD2B3D8E19EC122100A7D83F</string>
				<string>FD2B3D9019EC122100A7D83F</string>
				<string>FD2B3D8119EC122100A7D83F</string>
			</array>
			<key>isa</key>
			<string>PBXGroup</string>
			<key>path</key>
			<string>CollectionViewTuto</string>
			<key>sourceTree</key>
			<string>&lt;group&gt;</string>
		</dict>
		<key>FD2B3D8119EC122100A7D83F</key>
		<dict>
			<key>children</key>
			<array>
				<string>FD2B3D8219EC122100A7D83F</string>
				<string>FD2B3D8319EC122100A7D83F</string>
			</array>
			<key>isa</key>
			<string>PBXGroup</string>
			<key>name</key>
			<string>Supporting Files</string>
			<key>sourceTree</key>
			<string>&lt;group&gt;</string>
		</dict>
		<key>FD2B3D8219EC122100A7D83F</key>
		<dict>
			<key>isa</key>
			<string>PBXFileReference</string>
			<key>lastKnownFileType</key>
			<string>text.plist.xml</string>
			<key>path</key>
			<string>Info.plist</string>
			<key>sourceTree</key>
			<string>&lt;group&gt;</string>
		</dict>
		<key>FD2B3D8319EC122100A7D83F</key>
		<dict>
			<key>isa</key>
			<string>PBXFileReference</string>
			<key>lastKnownFileType</key>
			<string>sourcecode.c.objc</string>
			<key>path</key>
			<string>main.m</string>
			<key>sourceTree</key>
			<string>&lt;group&gt;</string>
		</dict>
		<key>FD2B3D8419EC122100A7D83F</key>
		<dict>
			<key>fileRef</key>
			<string>FD2B3D8319EC122100A7D83F</string>
			<key>isa</key>
			<string>PBXBuildFile</string>
		</dict>
		<key>FD2B3D8519EC122100A7D83F</key>
		<dict>
			<key>isa</key>
			<string>PBXFileReference</string>
			<key>lastKnownFileType</key>
			<string>sourcecode.c.h</string>
			<key>path</key>
			<string>AppDelegate.h</string>
			<key>sourceTree</key>
			<string>&lt;group&gt;</string>
		</dict>
		<key>FD2B3D8619EC122100A7D83F</key>
		<dict>
			<key>isa</key>
			<string>PBXFileReference</string>
			<key>lastKnownFileType</key>
			<string>sourcecode.c.objc</string>
			<key>path</key>
			<string>AppDelegate.m</string>
			<key>sourceTree</key>
			<string>&lt;group&gt;</string>
		</dict>
		<key>FD2B3D8719EC122100A7D83F</key>
		<dict>
			<key>fileRef</key>
			<string>FD2B3D8619EC122100A7D83F</string>
			<key>isa</key>
			<string>PBXBuildFile</string>
		</dict>
		<key>FD2B3D8E19EC122100A7D83F</key>
		<dict>
			<key>isa</key>
			<string>PBXFileReference</string>
			<key>lastKnownFileType</key>
			<string>folder.assetcatalog</string>
			<key>path</key>
			<string>Images.xcassets</string>
			<key>sourceTree</key>
			<string>&lt;group&gt;</string>
		</dict>
		<key>FD2B3D8F19EC122100A7D83F</key>
		<dict>
			<key>fileRef</key>
			<string>FD2B3D8E19EC122100A7D83F</string>
			<key>isa</key>
			<string>PBXBuildFile</string>
		</dict>
		<key>FD2B3D9019EC122100A7D83F</key>
		<dict>
			<key>children</key>
			<array>
				<string>FD2B3D9119EC122100A7D83F</string>
			</array>
			<key>isa</key>
			<string>PBXVariantGroup</string>
			<key>name</key>
			<string>LaunchScreen.xib</string>
			<key>sourceTree</key>
			<string>&lt;group&gt;</string>
		</dict>
		<key>FD2B3D9119EC122100A7D83F</key>
		<dict>
			<key>isa</key>
			<string>PBXFileReference</string>
			<key>lastKnownFileType</key>
			<string>file.xib</string>
			<key>name</key>
			<string>Base</string>
			<key>path</key>
			<string>Base.lproj/LaunchScreen.xib</string>
			<key>sourceTree</key>
			<string>&lt;group&gt;</string>
		</dict>
		<key>FD2B3D9219EC122100A7D83F</key>
		<dict>
			<key>fileRef</key>
			<string>FD2B3D9019EC122100A7D83F</string>
			<key>isa</key>
			<string>PBXBuildFile</string>
		</dict>
		<key>FD2B3D9F19EC122100A7D83F</key>
		<dict>
			<key>buildSettings</key>
			<dict>
				<key>ALWAYS_SEARCH_USER_PATHS</key>
				<string>NO</string>
				<key>CLANG_CXX_LANGUAGE_STANDARD</key>
				<string>gnu++0x</string>
				<key>CLANG_CXX_LIBRARY</key>
				<string>libc++</string>
				<key>CLANG_ENABLE_MODULES</key>
				<string>YES</string>
				<key>CLANG_ENABLE_OBJC_ARC</key>
				<string>YES</string>
				<key>CLANG_WARN_BOOL_CONVERSION</key>
				<string>YES</string>
				<key>CLANG_WARN_CONSTANT_CONVERSION</key>
				<string>YES</string>
				<key>CLANG_WARN_DIRECT_OBJC_ISA_USAGE</key>
				<string>YES_ERROR</string>
				<key>CLANG_WARN_EMPTY_BODY</key>
				<string>YES</string>
				<key>CLANG_WARN_ENUM_CONVERSION</key>
				<string>YES</string>
				<key>CLANG_WARN_INT_CONVERSION</key>
				<string>YES</string>
				<key>CLANG_WARN_OBJC_ROOT_CLASS</key>
				<string>YES_ERROR</string>
				<key>CLANG_WARN_UNREACHABLE_CODE</key>
				<string>YES</string>
				<key>CLANG_WARN__DUPLICATE_METHOD_MATCH</key>
				<string>YES</string>
				<key>CODE_SIGN_IDENTITY[sdk=iphoneos*]</key>
				<string>iPhone Developer</string>
				<key>COPY_PHASE_STRIP</key>
				<string>NO</string>
				<key>ENABLE_STRICT_OBJC_MSGSEND</key>
				<string>YES</string>
				<key>GCC_C_LANGUAGE_STANDARD</key>
				<string>gnu99</string>
				<key>GCC_DYNAMIC_NO_PIC</key>
				<string>NO</string>
				<key>GCC_OPTIMIZATION_LEVEL</key>
				<string>0</string>
				<key>GCC_PREPROCESSOR_DEFINITIONS</key>
				<array>
					<string>DEBUG=1</string>
					<string>$(inherited)</string>
				</array>
				<key>GCC_SYMBOLS_PRIVATE_EXTERN</key>
				<string>NO</string>
				<key>GCC_WARN_64_TO_32_BIT_CONVERSION</key>
				<string>YES</string>
				<key>GCC_WARN_ABOUT_RETURN_TYPE</key>
				<string>YES_ERROR</string>
				<key>GCC_WARN_UNDECLARED_SELECTOR</key>
				<string>YES</string>
				<key>GCC_WARN_UNINITIALIZED_AUTOS</key>
				<string>YES_AGGRESSIVE</string>
				<key>GCC_WARN_UNUSED_FUNCTION</key>
				<string>YES</string>
				<key>GCC_WARN_UNUSED_VARIABLE</key>
				<string>YES</string>
				<key>IPHONEOS_DEPLOYMENT_TARGET</key>
				<string>8.1</string>
				<key>MTL_ENABLE_DEBUG_INFO</key>
				<string>YES</string>
				<key>ONLY_ACTIVE_ARCH</key>
				<string>YES</string>
				<key>SDKROOT</key>
				<string>iphoneos</string>
				<key>TARGETED_DEVICE_FAMILY</key>
				<string>1,2</string>
			</dict>
			<key>isa</key>
			<string>XCBuildConfiguration</string>
			<key>name</key>
			<string>Debug</string>
		</dict>
		<key>FD2B3DA019EC122100A7D83F</key>
		<dict>
			<key>buildSettings</key>
			<dict>
				<key>ALWAYS_SEARCH_USER_PATHS</key>
				<string>NO</string>
				<key>CLANG_CXX_LANGUAGE_STANDARD</key>
				<string>gnu++0x</string>
				<key>CLANG_CXX_LIBRARY</key>
				<string>libc++</string>
				<key>CLANG_ENABLE_MODULES</key>
				<string>YES</string>
				<key>CLANG_ENABLE_OBJC_ARC</key>
				<string>YES</string>
				<key>CLANG_WARN_BOOL_CONVERSION</key>
				<string>YES</string>
				<key>CLANG_WARN_CONSTANT_CONVERSION</key>
				<string>YES</string>
				<key>CLANG_WARN_DIRECT_OBJC_ISA_USAGE</key>
				<string>YES_ERROR</string>
				<key>CLANG_WARN_EMPTY_BODY</key>
				<string>YES</string>
				<key>CLANG_WARN_ENUM_CONVERSION</key>
				<string>YES</string>
				<key>CLANG_WARN_INT_CONVERSION</key>
				<string>YES</string>
				<key>CLANG_WARN_OBJC_ROOT_CLASS</key>
				<string>YES_ERROR</string>
				<key>CLANG_WARN_UNREACHABLE_CODE</key>
				<string>YES</string>
				<key>CLANG_WARN__DUPLICATE_METHOD_MATCH</key>
				<string>YES</string>
				<key>CODE_SIGN_IDENTITY[sdk=iphoneos*]</key>
				<string>iPhone Developer</string>
				<key>COPY_PHASE_STRIP</key>
				<string>YES</string>
				<key>ENABLE_NS_ASSERTIONS</key>
				<string>NO</string>
				<key>ENABLE_STRICT_OBJC_MSGSEND</key>
				<string>YES</string>
				<key>GCC_C_LANGUAGE_STANDARD</key>
				<string>gnu99</string>
				<key>GCC_WARN_64_TO_32_BIT_CONVERSION</key>
				<string>YES</string>
				<key>GCC_WARN_ABOUT_RETURN_TYPE</key>
				<string>YES_ERROR</string>
				<key>GCC_WARN_UNDECLARED_SELECTOR</key>
				<string>YES</string>
				<key>GCC_WARN_UNINITIALIZED_AUTOS</key>
				<string>YES_AGGRESSIVE</string>
				<key>GCC_WARN_UNUSED_FUNCTION</key>
				<string>YES</string>
				<key>GCC_WARN_UNUSED_VARIABLE</key>
				<string>YES</string>
				<key>IPHONEOS_DEPLOYMENT_TARGET</key>
				<string>8.1</string>
				<key>MTL_ENABLE_DEBUG_INFO</key>
				<string>NO</string>
				<key>SDKROOT</key>
				<string>iphoneos</string>
				<key>TARGETED_DEVICE_FAMILY</key>
				<string>1,2</string>
				<key>VALIDATE_PRODUCT</key>
				<string>YES</string>
			</dict>
			<key>isa</key>
			<string>XCBuildConfiguration</string>
			<key>name</key>
			<string>Release</string>
		</dict>
		<key>FD2B3DA119EC122100A7D83F</key>
		<dict>
			<key>buildConfigurations</key>
			<array>
				<string>FD2B3DA219EC122100A7D83F</string>
				<string>FD2B3DA319EC122100A7D83F</string>
			</array>
			<key>defaultConfigurationIsVisible</key>
			<string>0</string>
			<key>defaultConfigurationName</key>
			<string>Release</string>
			<key>isa</key>
			<string>XCConfigurationList</string>
		</dict>
		<key>FD2B3DA219EC122100A7D83F</key>
		<dict>
			<key>buildSettings</key>
			<dict>
				<key>ASSETCATALOG_COMPILER_APPICON_NAME</key>
				<string>AppIcon</string>
				<key>HEADER_SEARCH_PATHS</key>
				<string>"$(USER_LIBRARY_DIR)/Application Support/com.celedev.CodeFlow/iphoneos/include"</string>
				<key>INFOPLIST_FILE</key>
				<string>CollectionViewTuto/Info.plist</string>
				<key>LD_RUNPATH_SEARCH_PATHS</key>
				<string>$(inherited) @executable_path/Frameworks</string>
				<key>LIBRARY_SEARCH_PATHS</key>
				<array>
					<string>"$(USER_LIBRARY_DIR)/Application Support/com.celedev.CodeFlow/iphoneos"</string>
					<string>"$(USER_LIBRARY_DIR)/Application Support/com.celedev.CodeFlow/iphoneos/iOS-8.1-SDK.luabindings/BindingLibs"</string>
				</array>
				<key>OTHER_LDFLAGS</key>
				<string>-ObjC</string>
				<key>PRODUCT_NAME</key>
				<string>$(TARGET_NAME)</string>
			</dict>
			<key>isa</key>
			<string>XCBuildConfiguration</string>
			<key>name</key>
			<string>Debug</string>
		</dict>
		<key>FD2B3DA319EC122100A7D83F</key>
		<dict>
			<key>buildSettings</key>
			<dict>
				<key>ASSETCATALOG_COMPILER_APPICON_NAME</key>
				<string>AppIcon</string>
				<key>HEADER_SEARCH_PATHS</key>
				<string>"$(USER_LIBRARY_DIR)/Application Support/com.celedev.CodeFlow/iphoneos/include"</string>
				<key>INFOPLIST_FILE</key>
				<string>CollectionViewTuto/Info.plist</string>
				<key>LD_RUNPATH_SEARCH_PATHS</key>
				<string>$(inherited) @executable_path/Frameworks</string>
				<key>LIBRARY_SEARCH_PATHS</key>
				<array>
					<string>"$(USER_LIBRARY_DIR)/Application Support/com.celedev.CodeFlow/iphoneos"</string>
					<string>"$(USER_LIBRARY_DIR)/Application Support/com.celedev.CodeFlow/iphoneos/iOS-8.1-SDK.luabindings/BindingLibs"</string>
				</array>
				<key>OTHER_LDFLAGS</key>
				<string>-ObjC</string>
				<key>PRODUCT_NAME</key>
				<string>$(TARGET_NAME)</string>
			</dict>
			<key>isa</key>
			<string>XCBuildConfiguration</string>
			<key>name</key>
			<string>Release</string>
		</dict>
	</dict>
	<key>rootObject</key>
	<string>FD2B3D7619EC122100A7D83F</string>
</dict>
</plist>
